
Microsoft Visual Studio Solution File, Format Version 12.00
# Visual Studio Version 17
VisualStudioVersion = 17.9.34607.119
MinimumVisualStudioVersion = 10.0.40219.1
Project("{FAE04EC0-301F-11D3-BF4B-00C04F79EFBC}") = "consolaPrueba", "consolaPrueba.csproj", "{99E71D37-29B0-462D-9AF9-661BC1BCE779}"
EndProject
Global
	GlobalSection(SolutionConfigurationPlatforms) = preSolution
		Debug|Any CPU = Debug|Any CPU
		Release|Any CPU = Release|Any CPU
	EndGlobalSection
	GlobalSection(ProjectConfigurationPlatforms) = postSolution
		{99E71D37-29B0-462D-9AF9-661BC1BCE779}.Debug|Any CPU.ActiveCfg = Debug|Any CPU
		{99E71D37-29B0-462D-9AF9-661BC1BCE779}.Debug|Any CPU.Build.0 = Debug|Any CPU
		{99E71D37-29B0-462D-9AF9-661BC1BCE779}.Release|Any CPU.ActiveCfg = Release|Any CPU
		{99E71D37-29B0-462D-9AF9-661BC1BCE779}.Release|Any CPU.Build.0 = Release|Any CPU
	EndGlobalSection
	GlobalSection(SolutionProperties) = preSolution
		HideSolutionNode = FALSE
	EndGlobalSection
	GlobalSection(ExtensibilityGlobals) = postSolution
		SolutionGuid = {BD5D7CA5-AA9E-4AA7-9B03-06D7564B71A4}
	EndGlobalSection
EndGlobal
